
Microsoft Visual Studio Solution File, Format Version 12.00
# Visual Studio Version 17
VisualStudioVersion = 17.8.34330.188
MinimumVisualStudioVersion = 10.0.40219.1
Project("{FAE04EC0-301F-11D3-BF4B-00C04F79EFBC}") = "EntityFrameWorkWithXunit", "EntityFrameWorkWithXunit\EntityFrameWorkWithXunit.csproj", "{B23FB372-B916-4BD5-A185-9DBF22F4AF31}"
EndProject
Project("{FAE04EC0-301F-11D3-BF4B-00C04F79EFBC}") = "EntityFrameWorkWithXunit.Test", "EntityFrameWorkWithXunit.Test\EntityFrameWorkWithXunit.Test.csproj", "{AD02F935-67E7-4FF0-8B4C-09EB48F3E752}"
EndProject
Global
	GlobalSection(SolutionConfigurationPlatforms) = preSolution
		Debug|Any CPU = Debug|Any CPU
		Release|Any CPU = Release|Any CPU
	EndGlobalSection
	GlobalSection(ProjectConfigurationPlatforms) = postSolution
		{B23FB372-B916-4BD5-A185-9DBF22F4AF31}.Debug|Any CPU.ActiveCfg = Debug|Any CPU
		{B23FB372-B916-4BD5-A185-9DBF22F4AF31}.Debug|Any CPU.Build.0 = Debug|Any CPU
		{B23FB372-B916-4BD5-A185-9DBF22F4AF31}.Release|Any CPU.ActiveCfg = Release|Any CPU
		{B23FB372-B916-4BD5-A185-9DBF22F4AF31}.Release|Any CPU.Build.0 = Release|Any CPU
		{AD02F935-67E7-4FF0-8B4C-09EB48F3E752}.Debug|Any CPU.ActiveCfg = Debug|Any CPU
		{AD02F935-67E7-4FF0-8B4C-09EB48F3E752}.Debug|Any CPU.Build.0 = Debug|Any CPU
		{AD02F935-67E7-4FF0-8B4C-09EB48F3E752}.Release|Any CPU.ActiveCfg = Release|Any CPU
		{AD02F935-67E7-4FF0-8B4C-09EB48F3E752}.Release|Any CPU.Build.0 = Release|Any CPU
	EndGlobalSection
	GlobalSection(SolutionProperties) = preSolution
		HideSolutionNode = FALSE
	EndGlobalSection
	GlobalSection(ExtensibilityGlobals) = postSolution
		SolutionGuid = {4268D6AE-2172-4D2F-AA2B-C402A8A3F4ED}
	EndGlobalSection
EndGlobal
